
Microsoft Visual Studio Solution File, Format Version 12.00
# Visual Studio Version 17
VisualStudioVersion = 17.6.33829.357
MinimumVisualStudioVersion = 10.0.40219.1
Project("{FAE04EC0-301F-11D3-BF4B-00C04F79EFBC}") = "odd", "odd.csproj", "{345551C1-6940-4210-9D21-B5182F1937ED}"
EndProject
Global
	GlobalSection(SolutionConfigurationPlatforms) = preSolution
		Debug|Any CPU = Debug|Any CPU
		Release|Any CPU = Release|Any CPU
	EndGlobalSection
	GlobalSection(ProjectConfigurationPlatforms) = postSolution
		{345551C1-6940-4210-9D21-B5182F1937ED}.Debug|Any CPU.ActiveCfg = Debug|Any CPU
		{345551C1-6940-4210-9D21-B5182F1937ED}.Debug|Any CPU.Build.0 = Debug|Any CPU
		{345551C1-6940-4210-9D21-B5182F1937ED}.Release|Any CPU.ActiveCfg = Release|Any CPU
		{345551C1-6940-4210-9D21-B5182F1937ED}.Release|Any CPU.Build.0 = Release|Any CPU
	EndGlobalSection
	GlobalSection(SolutionProperties) = preSolution
		HideSolutionNode = FALSE
	EndGlobalSection
	GlobalSection(ExtensibilityGlobals) = postSolution
		SolutionGuid = {56CEB819-27DE-4B71-9812-2401D1ADB41B}
	EndGlobalSection
EndGlobal
